
Microsoft Visual Studio Solution File, Format Version 12.00
# Visual Studio Version 17
VisualStudioVersion = 17.8.34322.80
MinimumVisualStudioVersion = 10.0.40219.1
Project("{FAE04EC0-301F-11D3-BF4B-00C04F79EFBC}") = "MoveFilesYoutubeUpload", "MoveFilesYoutubeUpload\MoveFilesYoutubeUpload.csproj", "{AED7ACA9-7B08-4D45-A8A7-24C553D64717}"
EndProject
Global
	GlobalSection(SolutionConfigurationPlatforms) = preSolution
		Debug|Any CPU = Debug|Any CPU
		Release|Any CPU = Release|Any CPU
	EndGlobalSection
	GlobalSection(ProjectConfigurationPlatforms) = postSolution
		{AED7ACA9-7B08-4D45-A8A7-24C553D64717}.Debug|Any CPU.ActiveCfg = Debug|Any CPU
		{AED7ACA9-7B08-4D45-A8A7-24C553D64717}.Debug|Any CPU.Build.0 = Debug|Any CPU
		{AED7ACA9-7B08-4D45-A8A7-24C553D64717}.Release|Any CPU.ActiveCfg = Release|Any CPU
		{AED7ACA9-7B08-4D45-A8A7-24C553D64717}.Release|Any CPU.Build.0 = Release|Any CPU
	EndGlobalSection
	GlobalSection(SolutionProperties) = preSolution
		HideSolutionNode = FALSE
	EndGlobalSection
	GlobalSection(ExtensibilityGlobals) = postSolution
		SolutionGuid = {0211B99A-0FF0-4AC4-94CE-470DFDCC3CFB}
	EndGlobalSection
EndGlobal
